# THIS IS AN AUTOGENERATED FILE. DO NOT EDIT THIS FILE DIRECTLY.
# yarn lockfile v1


"@dcloudio/uni-ui@^1.4.28":
  version "1.4.28"
  resolved "http://192.168.1.216:5565/repository/npm-group/@dcloudio/uni-ui/-/uni-ui-1.4.28.tgz#557a84b53722937126aff72d1ab4b56741d11937"
  integrity sha512-e/lSbvR79KH9+d3D4ueNbvD6szigjO/5IyjBNmiTqaj0PTS324fBV3L6f3s1qpkYonM4rdOl000hVOcAg6Gh/A==

crypto-js@^4.0.0:
  version "4.1.1"
  resolved "http://192.168.1.216:5565/repository/npm-group/crypto-js/-/crypto-js-4.1.1.tgz#9e485bcf03521041bd85844786b83fb7619736cf"
  integrity sha512-o2JlM7ydqd3Qk9CA0L4NL6mTzU2sdx96a+oOfPu8Mkl/PK51vSyoi8/rQ8NknZtk44vq15lmhAj9CIAGwgeWKw==
